%{
  "bunt": {:hex, :bunt, "0.2.0", "951c6e801e8b1d2cbe58ebbd3e616a869061ddadcc4863d0a2182541acae9a38", [:mix], [], "hexpm", "7af5c7e09fe1d40f76c8e4f9dd2be7cebd83909f31fee7cd0e9eadc567da8353"},
  "certifi": {:hex, :certifi, "1.1.0", "c9b71a547016c2528a590ccfc28de786c7edb74aafa17446b84f54e04efc00ee", [:rebar3], [], "hexpm", "766db7fae3104ac598216658a8e851fc61df89761ca841952a24a5a70613257c"},
  "coverex": {:hex, :coverex, "1.4.13", "d90833b82bdd6a1ec05a6d971283debc3dd9611957489010e4b1ab0071a9ee6c", [:mix], [{:hackney, "~> 1.5", [hex: :hackney, repo: "hexpm", optional: false]}, {:poison, "~> 1.5 or ~> 2.0 or ~> 3.0", [hex: :poison, repo: "hexpm", optional: false]}], "hexpm", "6e66a00b3a5cc33062cc1bc7c762a74d98ff5207e0c6390529e3794dc497d5eb"},
  "credo": {:hex, :credo, "1.0.5", "fdea745579f8845315fe6a3b43e2f9f8866839cfbc8562bb72778e9fdaa94214", [:mix], [{:bunt, "~> 0.2.0", [hex: :bunt, repo: "hexpm", optional: false]}, {:jason, "~> 1.0", [hex: :jason, repo: "hexpm", optional: false]}], "hexpm", "16105fac37c5c4b3f6e1f70ba0784511fec4275cd8bb979386e3c739cf4e6455"},
  "dialyxir": {:hex, :dialyxir, "0.5.0", "5bc543f9c28ecd51b99cc1a685a3c2a1a93216990347f259406a910cf048d1d7", [:mix], [], "hexpm", "7c5c6c1eceb93e26a06c36148cb6f8021ae6f4f9a07bb1ae95f588e0a01ea8e1"},
  "earmark": {:hex, :earmark, "1.3.2", "b840562ea3d67795ffbb5bd88940b1bed0ed9fa32834915125ea7d02e35888a5", [:mix], [], "hexpm", "e3be2bc3ae67781db529b80aa7e7c49904a988596e2dbff897425b48b3581161"},
  "ex_doc": {:hex, :ex_doc, "0.20.2", "1bd0dfb0304bade58beb77f20f21ee3558cc3c753743ae0ddbb0fd7ba2912331", [:mix], [{:earmark, "~> 1.3", [hex: :earmark, repo: "hexpm", optional: false]}, {:makeup_elixir, "~> 0.10", [hex: :makeup_elixir, repo: "hexpm", optional: false]}], "hexpm", "8e24fc8ff9a50b9f557ff020d6c91a03cded7e59ac3e0eec8a27e771430c7d27"},
  "hackney": {:hex, :hackney, "1.8.0", "8388a22f4e7eb04d171f2cf0285b217410f266d6c13a4c397a6c22ab823a486c", [:rebar3], [{:certifi, "1.1.0", [hex: :certifi, repo: "hexpm", optional: false]}, {:idna, "4.0.0", [hex: :idna, repo: "hexpm", optional: false]}, {:metrics, "1.0.1", [hex: :metrics, repo: "hexpm", optional: false]}, {:mimerl, "1.0.2", [hex: :mimerl, repo: "hexpm", optional: false]}, {:ssl_verify_fun, "1.1.1", [hex: :ssl_verify_fun, repo: "hexpm", optional: false]}], "hexpm", "0cb8724402a04397003ad5daaef663698c9448ce312a1f3ba911b89109bfe168"},
  "idna": {:hex, :idna, "4.0.0", "10aaa9f79d0b12cf0def53038547855b91144f1bfcc0ec73494f38bb7b9c4961", [:rebar3], [], "hexpm", "f1b699f7275728538da7b5e35679f9e0f41ad8e0a49896e6a27b61867ed344eb"},
  "jason": {:hex, :jason, "1.1.2", "b03dedea67a99223a2eaf9f1264ce37154564de899fd3d8b9a21b1a6fd64afe7", [:mix], [{:decimal, "~> 1.0", [hex: :decimal, repo: "hexpm", optional: true]}], "hexpm", "fdf843bca858203ae1de16da2ee206f53416bbda5dc8c9e78f43243de4bc3afe"},
  "makeup": {:hex, :makeup, "0.8.0", "9cf32aea71c7fe0a4b2e9246c2c4978f9070257e5c9ce6d4a28ec450a839b55f", [:mix], [{:nimble_parsec, "~> 0.5.0", [hex: :nimble_parsec, repo: "hexpm", optional: false]}], "hexpm", "5fbc8e549aa9afeea2847c0769e3970537ed302f93a23ac612602e805d9d1e7f"},
  "makeup_elixir": {:hex, :makeup_elixir, "0.13.0", "be7a477997dcac2e48a9d695ec730b2d22418292675c75aa2d34ba0909dcdeda", [:mix], [{:makeup, "~> 0.8", [hex: :makeup, repo: "hexpm", optional: false]}], "hexpm", "adf0218695e22caeda2820eaba703fa46c91820d53813a2223413da3ef4ba515"},
  "metrics": {:hex, :metrics, "1.0.1", "25f094dea2cda98213cecc3aeff09e940299d950904393b2a29d191c346a8486", [:rebar3], [], "hexpm", "69b09adddc4f74a40716ae54d140f93beb0fb8978d8636eaded0c31b6f099f16"},
  "mimerl": {:hex, :mimerl, "1.0.2", "993f9b0e084083405ed8252b99460c4f0563e41729ab42d9074fd5e52439be88", [:rebar3], [], "hexpm", "7a4c8e1115a2732a67d7624e28cf6c9f30c66711a9e92928e745c255887ba465"},
  "nimble_parsec": {:hex, :nimble_parsec, "0.5.0", "90e2eca3d0266e5c53f8fbe0079694740b9c91b6747f2b7e3c5d21966bba8300", [:mix], [], "hexpm", "5c040b8469c1ff1b10093d3186e2e10dbe483cd73d79ec017993fb3985b8a9b3"},
  "poison": {:hex, :poison, "3.1.0", "d9eb636610e096f86f25d9a46f35a9facac35609a7591b3be3326e99a0484665", [:mix], [], "hexpm", "fec8660eb7733ee4117b85f55799fd3833eb769a6df71ccf8903e8dc5447cfce"},
  "ssl_verify_fun": {:hex, :ssl_verify_fun, "1.1.1", "28a4d65b7f59893bc2c7de786dec1e1555bd742d336043fe644ae956c3497fbe", [:make, :rebar], [], "hexpm", "4f8805eb5c8a939cf2359367cb651a3180b27dfb48444846be2613d79355d65e"},
}
